# Run ./gradlew --write-locks to regenerate this file
com.google.code.findbugs:jsr305:3.0.2 (1 constraints: 170aecb4)
com.google.errorprone:error_prone_annotations:2.23.0 (2 constraints: a61433b7)
com.google.guava:failureaccess:1.0.2 (1 constraints: 150ae2b4)
com.google.guava:guava:33.0.0-jre (4 constraints: 91341cc5)
com.google.guava:listenablefuture:9999.0-empty-to-avoid-conflict-with-guava (1 constraints: bd17c918)
com.google.j2objc:j2objc-annotations:2.8 (1 constraints: be09f5a0)
com.squareup:javapoet:1.13.0 (1 constraints: 3705323b)
org.checkerframework:checker-qual:3.41.0 (2 constraints: ab1468b7)

[Test dependencies]
com.google.auto:auto-common:0.11 (1 constraints: e711f5e8)
com.google.auto.value:auto-value:1.7.4 (1 constraints: 1f1221fb)
com.google.auto.value:auto-value-annotations:1.7.4 (1 constraints: 640a29b9)
com.google.testing.compile:compile-testing:0.19 (1 constraints: de04f630)
com.google.truth:truth:1.1 (1 constraints: b71111d7)
junit:junit:4.13.1 (2 constraints: dc1cc51a)
net.bytebuddy:byte-buddy:1.14.11 (1 constraints: 7e0bc5ea)
org.apiguardian:apiguardian-api:1.1.2 (5 constraints: 105480ac)
org.assertj:assertj-core:3.25.1 (1 constraints: 3d05493b)
org.hamcrest:hamcrest-core:1.3 (1 constraints: cc05fe3f)
org.junit.jupiter:junit-jupiter:5.10.1 (1 constraints: 3905423b)
org.junit.jupiter:junit-jupiter-api:5.10.1 (4 constraints: 2635e256)
org.junit.jupiter:junit-jupiter-engine:5.10.1 (1 constraints: 340efe49)
org.junit.jupiter:junit-jupiter-params:5.10.1 (1 constraints: 340efe49)
org.junit.platform:junit-platform-commons:1.10.1 (2 constraints: 2d214d83)
org.junit.platform:junit-platform-engine:1.10.1 (1 constraints: d310e5c4)
org.opentest4j:opentest4j:1.3.0 (2 constraints: cf209249)
org.ow2.asm:asm:9.0 (1 constraints: 030aa6a4)
